
Microsoft Visual Studio Solution File, Format Version 12.00
# Visual Studio Version 17
VisualStudioVersion = 17.0.32126.317
MinimumVisualStudioVersion = 10.0.40219.1
Project("{9A19103F-16F7-4668-BE54-9A1E7A4F7556}") = "AudioDbWebServer", "AudioDbWebServer\AudioDbWebServer.csproj", "{B4DABBA1-540B-4EB6-A0A2-DAE2682581A7}"
EndProject
Project("{9A19103F-16F7-4668-BE54-9A1E7A4F7556}") = "AudioUploader", "AudioUploader\AudioUploader.csproj", "{852243C6-0724-4D26-BCE8-D50F0A6BF1B6}"
EndProject
Project("{2150E333-8FDC-42A3-9474-1A3956D46DE8}") = "IntegrationTests", "IntegrationTests", "{EBF430A0-BE56-4002-86FC-DDCD12D5BEF6}"
EndProject
Project("{9A19103F-16F7-4668-BE54-9A1E7A4F7556}") = "AudioUploaderIntegrationTests", "AudioUploaderIntegrationTests\AudioUploaderIntegrationTests.csproj", "{5F88C619-B3B6-4EAC-8A93-601EDEAEAFBD}"
EndProject
Project("{2150E333-8FDC-42A3-9474-1A3956D46DE8}") = "UnitTests", "UnitTests", "{D8F4D2EB-F7D5-4171-B8D5-456576FCD8CC}"
EndProject
Project("{9A19103F-16F7-4668-BE54-9A1E7A4F7556}") = "AudioUploaderUnitTests", "AudioUploaderUnitTests\AudioUploaderUnitTests.csproj", "{2FCE3201-2FC5-4F7D-B5C4-F5F96E7EFB74}"
EndProject
Project("{FAE04EC0-301F-11D3-BF4B-00C04F79EFBC}") = "YoutubeConsoleUploader", "YoutubeConsoleAudioUploader\YoutubeConsoleUploader.csproj", "{18E75778-595F-4233-9F56-729D08EB56A0}"
EndProject
Global
	GlobalSection(SolutionConfigurationPlatforms) = preSolution
		Debug|Any CPU = Debug|Any CPU
		Release|Any CPU = Release|Any CPU
	EndGlobalSection
	GlobalSection(ProjectConfigurationPlatforms) = postSolution
		{B4DABBA1-540B-4EB6-A0A2-DAE2682581A7}.Debug|Any CPU.ActiveCfg = Debug|Any CPU
		{B4DABBA1-540B-4EB6-A0A2-DAE2682581A7}.Debug|Any CPU.Build.0 = Debug|Any CPU
		{B4DABBA1-540B-4EB6-A0A2-DAE2682581A7}.Release|Any CPU.ActiveCfg = Release|Any CPU
		{B4DABBA1-540B-4EB6-A0A2-DAE2682581A7}.Release|Any CPU.Build.0 = Release|Any CPU
		{852243C6-0724-4D26-BCE8-D50F0A6BF1B6}.Debug|Any CPU.ActiveCfg = Debug|Any CPU
		{852243C6-0724-4D26-BCE8-D50F0A6BF1B6}.Debug|Any CPU.Build.0 = Debug|Any CPU
		{852243C6-0724-4D26-BCE8-D50F0A6BF1B6}.Release|Any CPU.ActiveCfg = Release|Any CPU
		{852243C6-0724-4D26-BCE8-D50F0A6BF1B6}.Release|Any CPU.Build.0 = Release|Any CPU
		{5F88C619-B3B6-4EAC-8A93-601EDEAEAFBD}.Debug|Any CPU.ActiveCfg = Debug|Any CPU
		{5F88C619-B3B6-4EAC-8A93-601EDEAEAFBD}.Debug|Any CPU.Build.0 = Debug|Any CPU
		{5F88C619-B3B6-4EAC-8A93-601EDEAEAFBD}.Release|Any CPU.ActiveCfg = Release|Any CPU
		{5F88C619-B3B6-4EAC-8A93-601EDEAEAFBD}.Release|Any CPU.Build.0 = Release|Any CPU
		{2FCE3201-2FC5-4F7D-B5C4-F5F96E7EFB74}.Debug|Any CPU.ActiveCfg = Debug|Any CPU
		{2FCE3201-2FC5-4F7D-B5C4-F5F96E7EFB74}.Debug|Any CPU.Build.0 = Debug|Any CPU
		{2FCE3201-2FC5-4F7D-B5C4-F5F96E7EFB74}.Release|Any CPU.ActiveCfg = Release|Any CPU
		{2FCE3201-2FC5-4F7D-B5C4-F5F96E7EFB74}.Release|Any CPU.Build.0 = Release|Any CPU
		{18E75778-595F-4233-9F56-729D08EB56A0}.Debug|Any CPU.ActiveCfg = Debug|Any CPU
		{18E75778-595F-4233-9F56-729D08EB56A0}.Debug|Any CPU.Build.0 = Debug|Any CPU
		{18E75778-595F-4233-9F56-729D08EB56A0}.Release|Any CPU.ActiveCfg = Release|Any CPU
		{18E75778-595F-4233-9F56-729D08EB56A0}.Release|Any CPU.Build.0 = Release|Any CPU
	EndGlobalSection
	GlobalSection(SolutionProperties) = preSolution
		HideSolutionNode = FALSE
	EndGlobalSection
	GlobalSection(NestedProjects) = preSolution
		{5F88C619-B3B6-4EAC-8A93-601EDEAEAFBD} = {EBF430A0-BE56-4002-86FC-DDCD12D5BEF6}
		{2FCE3201-2FC5-4F7D-B5C4-F5F96E7EFB74} = {D8F4D2EB-F7D5-4171-B8D5-456576FCD8CC}
	EndGlobalSection
	GlobalSection(ExtensibilityGlobals) = postSolution
		SolutionGuid = {82AD57E4-7BC1-48D5-8240-66949FE86826}
	EndGlobalSection
EndGlobal
